38067993810213381021338102133810213381021338102133810213381021338102133810213381021338102133810213381021338102133810213381021338102133810213381021338102133810213381021338102133810213381021338102133810213381021338102133810213381021338102133810213381021338102133810213381021338102133810213381021338102133810213381021338102133810213381021338102133810213381021338102133810213381021338102133810213381021338102133810213381021338102133810213381021338102133810213381021338102133810213381021338102133810213381021338102133810213381021338102133810213381021338102133810213381021338102133810213381021338102133810213381021338102133810213381021338102133810213381021338102133810213381021338102133810213381021338102133810213381021338102133810213381021338102133810213381021338102133810213381021338102133810213381021338102133810213381021338102133810213381021338102133810213381021338102133810213381021338102133810213381021338102133810213381021338102133810213381021338102133810213381021338102133810213381021338102133810213381021338102133810213381021338102133810213381021338102133810213381021338102133810213381021338102133810213381021338102133810213381021338102133810213381021338102133810213381021338102133810213381021338102133810213381021338102133810213381021338102133810213381021338102133810213381021338102133810213381021338102133810213381021338102133810213381021338102133810213381021338102133810213381021338102133810213381021338102133810213381021338102133810213381021338102133810213381021338102133810213381021338102133810213381021338102133810213381021338102133810213381021338102133810213381021338102133810213381021338102133810213381021338102133810213381021338102133810213381021338102133810213381021338102133810213381021338102133810213381021338102133810213381021338102133810213381021338102133810213381021338102133810213381021338102133810213381021338102133810213381021338102133810213381021338102133810213381021338102133810213381021338102133810213381021338102133810213381021338102133810213381021338102133810213381021338102133810213381021338102133810213381021338102133810213381021338102133810213381021338102133810213381021338102133810213381021338102133810213381021338102133810213381021338102133810213381021338102133810213381021338102133810213381021338102133810213381021338102133810213381021338102133810213381021338102133810213381021338102133810213381021338102133810213381021338102133810213381021338102133810213381021338102133810213381021338102133810213381021338102133810213381021338102133810213381021338102133810213381021338102133810213381021338102133810213381021338102133810213381021338102133810213381021338102133810213381021338102133810213381021338102133810213381021338102133810213381021338102133810213381021338102133810213381021338102133810213381021338102133810213381021338102133810213381021338102133810213381021338102133810213381021338102133810213381021338102133810213381021338102133810213381021338102133810213381021338102133810213381021338102133810213381021338102133810213381021338102133810213381021338102133810213381021338102133810213381021338102133810213381021338102133810213381021338102133810213381021338102133810213381021338102133810213381021338102133810213381021338102133810213381021338102133810213381021338102133810213381021338102133810213381021338102133810213381021338102133810213381021338102133810213381021338102133810213381021338102133810213381021338102133810213381021338102133810213381021338102133810213381021338102133810213381021338102133810213381021338102133810213381021338102133810213381021338102133810213381021338102133810213381021338102133810213381021338102133810213381021338102133810213381021338102133810213381021338102133810213381021338102133810213381021338102133810213381021338102133810213381021338102133810213381021338102133810213381021338102133810213381021338102133810213381021338102133810213381021338102133810213381021338102133810213381021338102133810213381021338102133810213381021338102133810213381021338102133810213381021338102133810213381021338102133810213381021338102133810213381021338102133810213381021338102133810213381021338102133810213381021338102133810213381021338102133810213381021338102133810213381021338102133810213381021338102133810213381021338102133810213381021338102133810213381021338102133810213381021338102133810213381021338102133810213381021338102133810213381021338102133810213381021338102133810213381021338102133810213381021338102133810213381021338102133810213381021338102133810213381021338102133810213381021338102133810213381021338102133810213381021338102133810213381021338102133810213381021338102133810213381021338102133810213381021338102133810213381021338102133810213381021338102133810213381021338102133810213381021338102133810213381021338102133810213381021338102133810213381021338102133810213381021338102133810213381021338102133810213381021338102133810213381021338102133810213381021338102133810213381021338102133810213381021338102133810213381021338102133810213381021338102133810213381021338102133810213381021338102133810213381021338102133810213